
Microsoft Visual Studio Solution File, Format Version 12.00
# Visual Studio 14
VisualStudioVersion = 14.0.25420.1
MinimumVisualStudioVersion = 10.0.40219.1
Project("{8BB2217D-0F2D-49D1-97BC-3654ED321F3B}") = "RockPaperScissors.Tests", "RockPaperScissors.Tests\RockPaperScissors.Tests.xproj", "{7D860691-6D51-43EE-8905-B2E501614808}"
EndProject
Project("{8BB2217D-0F2D-49D1-97BC-3654ED321F3B}") = "RockPaperScissors", "RockPaperScissors\RockPaperScissors.xproj", "{977E6B74-D71B-4303-965B-DF664CB3FD1A}"
EndProject
Global
	GlobalSection(SolutionConfigurationPlatforms) = preSolution
		Debug|Any CPU = Debug|Any CPU
		Release|Any CPU = Release|Any CPU
	EndGlobalSection
	GlobalSection(ProjectConfigurationPlatforms) = postSolution
		{7D860691-6D51-43EE-8905-B2E501614808}.Debug|Any CPU.ActiveCfg = Debug|Any CPU
		{7D860691-6D51-43EE-8905-B2E501614808}.Debug|Any CPU.Build.0 = Debug|Any CPU
		{7D860691-6D51-43EE-8905-B2E501614808}.Release|Any CPU.ActiveCfg = Release|Any CPU
		{7D860691-6D51-43EE-8905-B2E501614808}.Release|Any CPU.Build.0 = Release|Any CPU
		{977E6B74-D71B-4303-965B-DF664CB3FD1A}.Debug|Any CPU.ActiveCfg = Debug|Any CPU
		{977E6B74-D71B-4303-965B-DF664CB3FD1A}.Debug|Any CPU.Build.0 = Debug|Any CPU
		{977E6B74-D71B-4303-965B-DF664CB3FD1A}.Release|Any CPU.ActiveCfg = Release|Any CPU
		{977E6B74-D71B-4303-965B-DF664CB3FD1A}.Release|Any CPU.Build.0 = Release|Any CPU
	EndGlobalSection
	GlobalSection(SolutionProperties) = preSolution
		HideSolutionNode = FALSE
	EndGlobalSection
EndGlobal
